
Microsoft Visual Studio Solution File, Format Version 12.00
# Visual Studio Version 16
VisualStudioVersion = 16.0.30011.22
MinimumVisualStudioVersion = 10.0.40219.1
Project("{FAE04EC0-301F-11D3-BF4B-00C04F79EFBC}") = "Zadanie9", "Zadanie9.csproj", "{B2EBB4BC-F7A4-4121-83A7-17053BCE6460}"
EndProject
Global
	GlobalSection(SolutionConfigurationPlatforms) = preSolution
		Debug|Any CPU = Debug|Any CPU
		Release|Any CPU = Release|Any CPU
	EndGlobalSection
	GlobalSection(ProjectConfigurationPlatforms) = postSolution
		{B2EBB4BC-F7A4-4121-83A7-17053BCE6460}.Debug|Any CPU.ActiveCfg = Debug|Any CPU
		{B2EBB4BC-F7A4-4121-83A7-17053BCE6460}.Debug|Any CPU.Build.0 = Debug|Any CPU
		{B2EBB4BC-F7A4-4121-83A7-17053BCE6460}.Release|Any CPU.ActiveCfg = Release|Any CPU
		{B2EBB4BC-F7A4-4121-83A7-17053BCE6460}.Release|Any CPU.Build.0 = Release|Any CPU
	EndGlobalSection
	GlobalSection(SolutionProperties) = preSolution
		HideSolutionNode = FALSE
	EndGlobalSection
	GlobalSection(ExtensibilityGlobals) = postSolution
		SolutionGuid = {C26BCE2D-BF09-4967-9E64-947AC217F305}
	EndGlobalSection
EndGlobal
